
Microsoft Visual Studio Solution File, Format Version 12.00
# Visual Studio Version 16
VisualStudioVersion = 16.0.29609.76
MinimumVisualStudioVersion = 10.0.40219.1
Project("{9A19103F-16F7-4668-BE54-9A1E7A4F7556}") = "AdvertApi", "AdvertApi.csproj", "{69524883-B2B0-4DA4-8D69-0A4395FEC3F7}"
EndProject
Project("{FAE04EC0-301F-11D3-BF4B-00C04F79EFBC}") = "AdvertApi.Models", "..\AdvertApi.Models\AdvertApi.Models.csproj", "{70430F16-36FD-4D4B-A11E-7A4A16FFFEBE}"
EndProject
Global
	GlobalSection(SolutionConfigurationPlatforms) = preSolution
		Debug|Any CPU = Debug|Any CPU
		Release|Any CPU = Release|Any CPU
	EndGlobalSection
	GlobalSection(ProjectConfigurationPlatforms) = postSolution
		{69524883-B2B0-4DA4-8D69-0A4395FEC3F7}.Debug|Any CPU.ActiveCfg = Debug|Any CPU
		{69524883-B2B0-4DA4-8D69-0A4395FEC3F7}.Debug|Any CPU.Build.0 = Debug|Any CPU
		{69524883-B2B0-4DA4-8D69-0A4395FEC3F7}.Release|Any CPU.ActiveCfg = Release|Any CPU
		{69524883-B2B0-4DA4-8D69-0A4395FEC3F7}.Release|Any CPU.Build.0 = Release|Any CPU
		{70430F16-36FD-4D4B-A11E-7A4A16FFFEBE}.Debug|Any CPU.ActiveCfg = Debug|Any CPU
		{70430F16-36FD-4D4B-A11E-7A4A16FFFEBE}.Debug|Any CPU.Build.0 = Debug|Any CPU
		{70430F16-36FD-4D4B-A11E-7A4A16FFFEBE}.Release|Any CPU.ActiveCfg = Release|Any CPU
		{70430F16-36FD-4D4B-A11E-7A4A16FFFEBE}.Release|Any CPU.Build.0 = Release|Any CPU
	EndGlobalSection
	GlobalSection(SolutionProperties) = preSolution
		HideSolutionNode = FALSE
	EndGlobalSection
	GlobalSection(ExtensibilityGlobals) = postSolution
		SolutionGuid = {11D42CA5-66D4-42AB-B55C-A91093A7AB02}
	EndGlobalSection
EndGlobal
